// !$*UTF8*$!
{
	archiveVersion = 1;
	classes = {
	};
	objectVersion = 46;
	objects = {

/* Begin PBXBuildFile section */
		88FAD3741C4A8326007429BE /* AppDelegate.swift in Sources */ = {isa = PBXBuildFile; fileRef = 88FAD3731C4A8326007429BE /* AppDelegate.swift */; };
		88FAD3761C4A8326007429BE /* ViewController.swift in Sources */ = {isa = PBXBuildFile; fileRef = 88FAD3751C4A8326007429BE /* ViewController.swift */; };
		88FAD3791C4A8326007429BE /* Main.storyboard in Resources */ = {isa = PBXBuildFile; fileRef = 88FAD3771C4A8326007429BE /* Main.storyboard */; };
		88FAD37B1C4A8326007429BE /* Assets.xcassets in Resources */ = {isa = PBXBuildFile; fileRef = 88FAD37A1C4A8326007429BE /* Assets.xcassets */; };
		88FAD37E1C4A8326007429BE /* LaunchScreen.storyboard in Resources */ = {isa = PBXBuildFile; fileRef = 88FAD37C1C4A8326007429BE /* LaunchScreen.storyboard */; };
/* End PBXBuildFile section */

/* Begin PBXFileReference section */
		88FAD3701C4A8326007429BE /* GitManagedProject.app */ = {isa = PBXFileReference; explicitFileType = wrapper.application; includeInIndex = 0; path = GitManagedProject.app; sourceTree = BUILT_PRODUCTS_DIR; };
		88FAD3731C4A8326007429BE /* AppDelegate.swift */ = {isa = PBXFileReference; lastKnownFileType = sourcecode.swift; path = AppDelegate.swift; sourceTree = "<group>"; };
		88FAD3751C4A8326007429BE /* ViewController.swift */ = {isa = PBXFileReference; lastKnownFileType = sourcecode.swift; path = ViewController.swift; sourceTree = "<group>"; };
		88FAD3781C4A8326007429BE /* Base */ = {isa = PBXFileReference; lastKnownFileType = file.storyboard; name = Base; path = Base.lproj/Main.storyboard; sourceTree = "<group>"; };
		88FAD37A1C4A8326007429BE /* Assets.xcassets */ = {isa = PBXFileReference; lastKnownFileType = folder.assetcatalog; path = Assets.xcassets; sourceTree = "<group>"; };
		88FAD37D1C4A8326007429BE /* Base */ = {isa = PBXFileReference; lastKnownFileType = file.storyboard; name = Base; path = Base.lproj/LaunchScreen.storyboard; sourceTree = "<group>"; };
		88FAD37F1C4A8326007429BE /* Info.plist */ = {isa = PBXFileReference; lastKnownFileType = text.plist.xml; path = Info.plist; sourceTree = "<group>"; };
/* End PBXFileReference section */

/* Begin PBXFrameworksBuildPhase section */
		88FAD36D1C4A8326007429BE /* Frameworks */ = {
			isa = PBXFrameworksBuildPhase;
			buildActionMask = 2147483647;
			files = (
			);
			runOnlyForDeploymentPostprocessing = 0;
		};
/* End PBXFrameworksBuildPhase section */

/* Begin PBXGroup section */
		88FAD3671C4A8326007429BE = {
			isa = PBXGroup;
			children = (
				88FAD3721C4A8326007429BE /* GitManagedProject */,
				88FAD3711C4A8326007429BE /* Products */,
			);
			sourceTree = "<group>";
		};
		88FAD3711C4A8326007429BE /* Products */ = {
			isa = PBXGroup;
			children = (
				88FAD3701C4A8326007429BE /* GitManagedProject.app */,
			);
			name = Products;
			sourceTree = "<group>";
		};
		88FAD3721C4A8326007429BE /* GitManagedProject */ = {
			isa = PBXGroup;
			children = (
				88FAD3731C4A8326007429BE /* AppDelegate.swift */,
				88FAD3751C4A8326007429BE /* ViewController.swift */,
				88FAD3771C4A8326007429BE /* Main.storyboard */,
				88FAD37A1C4A8326007429BE /* Assets.xcassets */,
				88FAD37C1C4A8326007429BE /* LaunchScreen.storyboard */,
				88FAD37F1C4A8326007429BE /* Info.plist */,
			);
			path = GitManagedProject;
			sourceTree = "<group>";
		};
/* End PBXGroup section */

/* Begin PBXNativeTarget section */
		88FAD36F1C4A8326007429BE /* GitManagedProject */ = {
			isa = PBXNativeTarget;
			buildConfigurationList = 88FAD3821C4A8326007429BE /* Build configuration list for PBXNativeTarget "GitManagedProject" */;
			buildPhases = (
				88FAD36C1C4A8326007429BE /* Sources */,
				88FAD36D1C4A8326007429BE /* Frameworks */,
				88FAD36E1C4A8326007429BE /* Resources */,
			);
			buildRules = (
			);
			dependencies = (
			);
			name = GitManagedProject;
			productName = GitManagedProject;
			productReference = 88FAD3701C4A8326007429BE /* GitManagedProject.app */;
			productType = "com.apple.product-type.application";
		};
/* End PBXNativeTarget section */

/* Begin PBXProject section */
		88FAD3681C4A8326007429BE /* Project object */ = {
			isa = PBXProject;
			attributes = {
				LastSwiftUpdateCheck = 0720;
				LastUpgradeCheck = 0720;
				ORGANIZATIONNAME = "Prashanth Moorthy";
				TargetAttributes = {
					88FAD36F1C4A8326007429BE = {
						CreatedOnToolsVersion = 7.2;
					};
				};
			};
			buildConfigurationList = 88FAD36B1C4A8326007429BE /* Build configuration list for PBXProject "GitManagedProject" */;
			compatibilityVersion = "Xcode 3.2";
			developmentRegion = English;
			hasScannedForEncodings = 0;
			knownRegions = (
				en,
				Base,
			);
			mainGroup = 88FAD3671C4A8326007429BE;
			productRefGroup = 88FAD3711C4A8326007429BE /* Products */;
			projectDirPath = "";
			projectRoot = "";
			targets = (
				88FAD36F1C4A8326007429BE /* GitManagedProject */,
			);
		};
/* End PBXProject section */

/* Begin PBXResourcesBuildPhase section */
		88FAD36E1C4A8326007429BE /* Resources */ = {
			isa = PBXResourcesBuildPhase;
			buildActionMask = 2147483647;
			files = (
				88FAD37E1C4A8326007429BE /* LaunchScreen.storyboard in Resources */,
				88FAD37B1C4A8326007429BE /* Assets.xcassets in Resources */,
				88FAD3791C4A8326007429BE /* Main.storyboard in Resources */,
			);
			runOnlyForDeploymentPostprocessing = 0;
		};
/* End PBXResourcesBuildPhase section */

/* Begin PBXSourcesBuildPhase section */
		88FAD36C1C4A8326007429BE /* Sources */ = {
			isa = PBXSourcesBuildPhase;
			buildActionMask = 2147483647;
			files = (
				88FAD3761C4A8326007429BE /* ViewController.swift in Sources */,
				88FAD3741C4A8326007429BE /* AppDelegate.swift in Sources */,
			);
			runOnlyForDeploymentPostprocessing = 0;
		};
/* End PBXSourcesBuildPhase section */

/* Begin PBXVariantGroup section */
		88FAD3771C4A8326007429BE /* Main.storyboard */ = {
			isa = PBXVariantGroup;
			children = (
				88FAD3781C4A8326007429BE /* Base */,
			);
			name = Main.storyboard;
			sourceTree = "<group>";
		};
		88FAD37C1C4A8326007429BE /* LaunchScreen.storyboard */ = {
			isa = PBXVariantGroup;
			children = (
				88FAD37D1C4A8326007429BE /* Base */,
			);
			name = LaunchScreen.storyboard;
			sourceTree = "<group>";
		};
/* End PBXVariantGroup section */

/* Begin XCBuildConfiguration section */
		88FAD3801C4A8326007429BE /* Debug */ = {
			isa = XCBuildConfiguration;
			buildSettings = {
				ALWAYS_SEARCH_USER_PATHS = NO;
				CLANG_CXX_LANGUAGE_STANDARD = "gnu++0x";
				CLANG_CXX_LIBRARY = "libc++";
				CLANG_ENABLE_MODULES = YES;
				CLANG_ENABLE_OBJC_ARC = YES;
				CLANG_WARN_BOOL_CONVERSION = YES;
				CLANG_WARN_CONSTANT_CONVERSION = YES;
				CLANG_WARN_DIRECT_OBJC_ISA_USAGE = YES_ERROR;
				CLANG_WARN_EMPTY_BODY = YES;
				CLANG_WARN_ENUM_CONVERSION = YES;
				CLANG_WARN_INT_CONVERSION = YES;
				CLANG_WARN_OBJC_ROOT_CLASS = YES_ERROR;
				CLANG_WARN_UNREACHABLE_CODE = YES;
				CLANG_WARN__DUPLICATE_METHOD_MATCH = YES;
				"CODE_SIGN_IDENTITY[sdk=iphoneos*]" = "iPhone Developer";
				COPY_PHASE_STRIP = NO;
				DEBUG_INFORMATION_FORMAT = dwarf;
				ENABLE_STRICT_OBJC_MSGSEND = YES;
				ENABLE_TESTABILITY = YES;
				GCC_C_LANGUAGE_STANDARD = gnu99;
				GCC_DYNAMIC_NO_PIC = NO;
				GCC_NO_COMMON_BLOCKS = YES;
				GCC_OPTIMIZATION_LEVEL = 0;
				GCC_PREPROCESSOR_DEFINITIONS = (
					"DEBUG=1",
					"$(inherited)",
				);
				GCC_WARN_64_TO_32_BIT_CONVERSION = YES;
				GCC_WARN_ABOUT_RETURN_TYPE = YES_ERROR;
				GCC_WARN_UNDECLARED_SELECTOR = YES;
				GCC_WARN_UNINITIALIZED_AUTOS = YES_AGGRESSIVE;
				GCC_WARN_UNUSED_FUNCTION = YES;
				GCC_WARN_UNUSED_VARIABLE = YES;
				IPHONEOS_DEPLOYMENT_TARGET = 9.2;
				MTL_ENABLE_DEBUG_INFO = YES;
				ONLY_ACTIVE_ARCH = YES;
				SDKROOT = iphoneos;
				SWIFT_OPTIMIZATION_LEVEL = "-Onone";
			};
			name = Debug;
		};
		88FAD3811C4A8326007429BE /* Release */ = {
			isa = XCBuildConfiguration;
			buildSettings = {
				ALWAYS_SEARCH_USER_PATHS = NO;
				CLANG_CXX_LANGUAGE_STANDARD = "gnu++0x";
				CLANG_CXX_LIBRARY = "libc++";
				CLANG_ENABLE_MODULES = YES;
				CLANG_ENABLE_OBJC_ARC = YES;
				CLANG_WARN_BOOL_CONVERSION = YES;
				CLANG_WARN_CONSTANT_CONVERSION = YES;
				CLANG_WARN_DIRECT_OBJC_ISA_USAGE = YES_ERROR;
				CLANG_WARN_EMPTY_BODY = YES;
				CLANG_WARN_ENUM_CONVERSION = YES;
				CLANG_WARN_INT_CONVERSION = YES;
				CLANG_WARN_OBJC_ROOT_CLASS = YES_ERROR;
				CLANG_WARN_UNREACHABLE_CODE = YES;
				CLANG_WARN__DUPLICATE_METHOD_MATCH = YES;
				"CODE_SIGN_IDENTITY[sdk=iphoneos*]" = "iPhone Developer";
				COPY_PHASE_STRIP = NO;
				DEBUG_INFORMATION_FORMAT = "dwarf-with-dsym";
				ENABLE_NS_ASSERTIONS = NO;
				ENABLE_STRICT_OBJC_MSGSEND = YES;
				GCC_C_LANGUAGE_STANDARD = gnu99;
				GCC_NO_COMMON_BLOCKS = YES;
				GCC_WARN_64_TO_32_BIT_CONVERSION = YES;
				GCC_WARN_ABOUT_RETURN_TYPE = YES_ERROR;
				GCC_WARN_UNDECLARED_SELECTOR = YES;
				GCC_WARN_UNINITIALIZED_AUTOS = YES_AGGRESSIVE;
				GCC_WARN_UNUSED_FUNCTION = YES;
				GCC_WARN_UNUSED_VARIABLE = YES;
				IPHONEOS_DEPLOYMENT_TARGET = 9.2;
				MTL_ENABLE_DEBUG_INFO = NO;
				SDKROOT = iphoneos;
				VALIDATE_PRODUCT = YES;
			};
			name = Release;
		};
		88FAD3831C4A8326007429BE /* Debug */ = {
			isa = XCBuildConfiguration;
			buildSettings = {
				ASSETCATALOG_COMPILER_APPICON_NAME = AppIcon;
				INFOPLIST_FILE = GitManagedProject/Info.plist;
				LD_RUNPATH_SEARCH_PATHS = "$(inherited) @executable_path/Frameworks";
				PRODUCT_BUNDLE_IDENTIFIER = com.theappmentor.GitManagedProject;
				PRODUCT_NAME = "$(TARGET_NAME)";
			};
			name = Debug;
		};
		88FAD3841C4A8326007429BE /* Release */ = {
			isa = XCBuildConfiguration;
			buildSettings = {
				ASSETCATALOG_COMPILER_APPICON_NAME = AppIcon;
				INFOPLIST_FILE = GitManagedProject/Info.plist;
				LD_RUNPATH_SEARCH_PATHS = "$(inherited) @executable_path/Frameworks";
				PRODUCT_BUNDLE_IDENTIFIER = com.theappmentor.GitManagedProject;
				PRODUCT_NAME = "$(TARGET_NAME)";
			};
			name = Release;
		};
/* End XCBuildConfiguration section */

/* Begin XCConfigurationList section */
		88FAD36B1C4A8326007429BE /* Build configuration list for PBXProject "GitManagedProject" */ = {
			isa = XCConfigurationList;
			buildConfigurations = (
				88FAD3801C4A8326007429BE /* Debug */,
				88FAD3811C4A8326007429BE /* Release */,
			);
			defaultConfigurationIsVisible = 0;
			defaultConfigurationName = Release;
		};
		88FAD3821C4A8326007429BE /* Build configuration list for PBXNativeTarget "GitManagedProject" */ = {
			isa = XCConfigurationList;
			buildConfigurations = (
				88FAD3831C4A8326007429BE /* Debug */,
				88FAD3841C4A8326007429BE /* Release */,
			);
			defaultConfigurationIsVisible = 0;
		};
/* End XCConfigurationList section */
	};
	rootObject = 88FAD3681C4A8326007429BE /* Project object */;
}
